
Microsoft Visual Studio Solution File, Format Version 12.00
# Visual Studio Version 17
VisualStudioVersion = 17.14.36221.1
MinimumVisualStudioVersion = 10.0.40219.1
Project("{2150E333-8FDC-42A3-9474-1A3956D46DE8}") = "src", "src", "{02EA681E-C7D8-13C7-8484-4AC65E1B71E8}"
EndProject
Project("{2150E333-8FDC-42A3-9474-1A3956D46DE8}") = "test", "test", "{9618F862-2850-42B6-8DB8-5744D7EC9A2B}"
EndProject
Project("{2150E333-8FDC-42A3-9474-1A3956D46DE8}") = "Shared", "Shared", "{68656B3A-8C37-44FD-BFE5-FE9D24D00FEF}"
EndProject
Project("{2150E333-8FDC-42A3-9474-1A3956D46DE8}") = "Modules", "Modules", "{AF673340-D491-4555-8726-17AA75FF7F7D}"
EndProject
Project("{2150E333-8FDC-42A3-9474-1A3956D46DE8}") = "Core", "Core", "{A4D613AA-D854-422F-94F3-DAE01EBD682F}"
EndProject
Project("{2150E333-8FDC-42A3-9474-1A3956D46DE8}") = "Infrastructure", "Infrastructure", "{9350D260-33E7-49DB-9921-3B8AC102438A}"
EndProject
Project("{2150E333-8FDC-42A3-9474-1A3956D46DE8}") = "UI", "UI", "{DF341670-DC6B-48FC-8E6A-B254782FA52F}"
EndProject
Project("{2150E333-8FDC-42A3-9474-1A3956D46DE8}") = "Utility", "Utility", "{127629BB-9D47-49EA-979E-AA134BB67874}"
EndProject
Project("{FAE04EC0-301F-11D3-BF4B-00C04F79EFBC}") = "Shared.WebAPI", "Shared.WebAPI\Shared.WebAPI.csproj", "{58CECC52-400B-4D9B-BE34-4CB2BBFDE322}"
EndProject
Project("{FAE04EC0-301F-11D3-BF4B-00C04F79EFBC}") = "Shared.Domain", "Shared.Domain\Shared.Domain.csproj", "{B912DDBB-29D2-4853-8CDE-CAFBED5C152A}"
EndProject
Project("{FAE04EC0-301F-11D3-BF4B-00C04F79EFBC}") = "Shared.Application", "Shared.Application\Shared.Application.csproj", "{9BB584F3-E7A5-4808-9A7E-C286D09DDDBE}"
EndProject
Project("{FAE04EC0-301F-11D3-BF4B-00C04F79EFBC}") = "Shared.Infrastructure", "Shared.Infrastructure\Shared.Infrastructure.csproj", "{1D0B9BC0-6026-4F16-90A6-72974A422B61}"
EndProject
Project("{FAE04EC0-301F-11D3-BF4B-00C04F79EFBC}") = "Shared.Utility", "Shared.Utility\Shared.Utility.csproj", "{521810D0-A555-43DC-A8A4-44196B906F19}"
EndProject
Project("{2150E333-8FDC-42A3-9474-1A3956D46DE8}") = "AC", "AC", "{13B6F254-39B2-42CC-AEA7-C25869B0FB95}"
EndProject
Project("{2150E333-8FDC-42A3-9474-1A3956D46DE8}") = "HR", "HR", "{6A0EC4ED-3C0A-4D9C-892A-BE1C5A4C6FB0}"
EndProject
Project("{2150E333-8FDC-42A3-9474-1A3956D46DE8}") = "Core", "Core", "{1FB833C1-0116-4939-8B9F-F39FC97206B6}"
EndProject
Project("{2150E333-8FDC-42A3-9474-1A3956D46DE8}") = "Infrastructure", "Infrastructure", "{7F061750-E28E-4995-B010-2C78EDA05BEE}"
EndProject
Project("{2150E333-8FDC-42A3-9474-1A3956D46DE8}") = "UI", "UI", "{CD785E28-6E57-4B51-A89C-FE6215369042}"
EndProject
Project("{2150E333-8FDC-42A3-9474-1A3956D46DE8}") = "UI", "UI", "{FB8D13EA-3FF1-45F4-B989-A49BF9D506AB}"
EndProject
Project("{2150E333-8FDC-42A3-9474-1A3956D46DE8}") = "Infrastructure", "Infrastructure", "{41FB362C-216D-4471-AD7A-40EA5E0E5024}"
EndProject
Project("{2150E333-8FDC-42A3-9474-1A3956D46DE8}") = "Core", "Core", "{F3B05FDD-88C0-49BF-B8E9-079D3D51433D}"
EndProject
Project("{FAE04EC0-301F-11D3-BF4B-00C04F79EFBC}") = "AC.Application", "AC.Application\AC.Application.csproj", "{55CB8A61-4C60-46D9-B901-2E876320F706}"
EndProject
Project("{FAE04EC0-301F-11D3-BF4B-00C04F79EFBC}") = "HR.Application", "HR.Application\HR.Application.csproj", "{9BB15881-6802-4104-82C1-0534C87BA805}"
EndProject
Project("{FAE04EC0-301F-11D3-BF4B-00C04F79EFBC}") = "AC.Domain", "AC.Domain\AC.Domain.csproj", "{3D0FE9FF-E976-462A-876F-5B08900571FB}"
EndProject
Project("{FAE04EC0-301F-11D3-BF4B-00C04F79EFBC}") = "HR.Domain", "HR.Domain\HR.Domain.csproj", "{2B587641-1B2B-4BAC-9C2D-31464B0CAFBB}"
EndProject
Project("{FAE04EC0-301F-11D3-BF4B-00C04F79EFBC}") = "AC.Infrastructure", "AC.Infrastructure\AC.Infrastructure.csproj", "{486029B2-1448-4E5B-A701-EE632D94BF63}"
EndProject
Project("{FAE04EC0-301F-11D3-BF4B-00C04F79EFBC}") = "HR.Infrastructure", "HR.Infrastructure\HR.Infrastructure.csproj", "{DF602F2F-07C9-4AC4-8475-45A5964C2B1F}"
EndProject
Project("{FAE04EC0-301F-11D3-BF4B-00C04F79EFBC}") = "AC.WebAPI", "AC.WebAPI\AC.WebAPI.csproj", "{4F36C73C-7E0F-4D3B-8424-9847CCD4F9AD}"
EndProject
Project("{FAE04EC0-301F-11D3-BF4B-00C04F79EFBC}") = "HR.WebAPI", "HR.WebAPI\HR.WebAPI.csproj", "{3FD79F89-A4A1-4DD8-9D08-63DA24559E13}"
EndProject
Global
	GlobalSection(SolutionConfigurationPlatforms) = preSolution
		Debug|Any CPU = Debug|Any CPU
		Release|Any CPU = Release|Any CPU
	EndGlobalSection
	GlobalSection(ProjectConfigurationPlatforms) = postSolution
		{58CECC52-400B-4D9B-BE34-4CB2BBFDE322}.Debug|Any CPU.ActiveCfg = Debug|Any CPU
		{58CECC52-400B-4D9B-BE34-4CB2BBFDE322}.Debug|Any CPU.Build.0 = Debug|Any CPU
		{58CECC52-400B-4D9B-BE34-4CB2BBFDE322}.Release|Any CPU.ActiveCfg = Release|Any CPU
		{58CECC52-400B-4D9B-BE34-4CB2BBFDE322}.Release|Any CPU.Build.0 = Release|Any CPU
		{B912DDBB-29D2-4853-8CDE-CAFBED5C152A}.Debug|Any CPU.ActiveCfg = Debug|Any CPU
		{B912DDBB-29D2-4853-8CDE-CAFBED5C152A}.Debug|Any CPU.Build.0 = Debug|Any CPU
		{B912DDBB-29D2-4853-8CDE-CAFBED5C152A}.Release|Any CPU.ActiveCfg = Release|Any CPU
		{B912DDBB-29D2-4853-8CDE-CAFBED5C152A}.Release|Any CPU.Build.0 = Release|Any CPU
		{9BB584F3-E7A5-4808-9A7E-C286D09DDDBE}.Debug|Any CPU.ActiveCfg = Debug|Any CPU
		{9BB584F3-E7A5-4808-9A7E-C286D09DDDBE}.Debug|Any CPU.Build.0 = Debug|Any CPU
		{9BB584F3-E7A5-4808-9A7E-C286D09DDDBE}.Release|Any CPU.ActiveCfg = Release|Any CPU
		{9BB584F3-E7A5-4808-9A7E-C286D09DDDBE}.Release|Any CPU.Build.0 = Release|Any CPU
		{1D0B9BC0-6026-4F16-90A6-72974A422B61}.Debug|Any CPU.ActiveCfg = Debug|Any CPU
		{1D0B9BC0-6026-4F16-90A6-72974A422B61}.Debug|Any CPU.Build.0 = Debug|Any CPU
		{1D0B9BC0-6026-4F16-90A6-72974A422B61}.Release|Any CPU.ActiveCfg = Release|Any CPU
		{1D0B9BC0-6026-4F16-90A6-72974A422B61}.Release|Any CPU.Build.0 = Release|Any CPU
		{521810D0-A555-43DC-A8A4-44196B906F19}.Debug|Any CPU.ActiveCfg = Debug|Any CPU
		{521810D0-A555-43DC-A8A4-44196B906F19}.Debug|Any CPU.Build.0 = Debug|Any CPU
		{521810D0-A555-43DC-A8A4-44196B906F19}.Release|Any CPU.ActiveCfg = Release|Any CPU
		{521810D0-A555-43DC-A8A4-44196B906F19}.Release|Any CPU.Build.0 = Release|Any CPU
		{55CB8A61-4C60-46D9-B901-2E876320F706}.Debug|Any CPU.ActiveCfg = Debug|Any CPU
		{55CB8A61-4C60-46D9-B901-2E876320F706}.Debug|Any CPU.Build.0 = Debug|Any CPU
		{55CB8A61-4C60-46D9-B901-2E876320F706}.Release|Any CPU.ActiveCfg = Release|Any CPU
		{55CB8A61-4C60-46D9-B901-2E876320F706}.Release|Any CPU.Build.0 = Release|Any CPU
		{9BB15881-6802-4104-82C1-0534C87BA805}.Debug|Any CPU.ActiveCfg = Debug|Any CPU
		{9BB15881-6802-4104-82C1-0534C87BA805}.Debug|Any CPU.Build.0 = Debug|Any CPU
		{9BB15881-6802-4104-82C1-0534C87BA805}.Release|Any CPU.ActiveCfg = Release|Any CPU
		{9BB15881-6802-4104-82C1-0534C87BA805}.Release|Any CPU.Build.0 = Release|Any CPU
		{3D0FE9FF-E976-462A-876F-5B08900571FB}.Debug|Any CPU.ActiveCfg = Debug|Any CPU
		{3D0FE9FF-E976-462A-876F-5B08900571FB}.Debug|Any CPU.Build.0 = Debug|Any CPU
		{3D0FE9FF-E976-462A-876F-5B08900571FB}.Release|Any CPU.ActiveCfg = Release|Any CPU
		{3D0FE9FF-E976-462A-876F-5B08900571FB}.Release|Any CPU.Build.0 = Release|Any CPU
		{2B587641-1B2B-4BAC-9C2D-31464B0CAFBB}.Debug|Any CPU.ActiveCfg = Debug|Any CPU
		{2B587641-1B2B-4BAC-9C2D-31464B0CAFBB}.Debug|Any CPU.Build.0 = Debug|Any CPU
		{2B587641-1B2B-4BAC-9C2D-31464B0CAFBB}.Release|Any CPU.ActiveCfg = Release|Any CPU
		{2B587641-1B2B-4BAC-9C2D-31464B0CAFBB}.Release|Any CPU.Build.0 = Release|Any CPU
		{486029B2-1448-4E5B-A701-EE632D94BF63}.Debug|Any CPU.ActiveCfg = Debug|Any CPU
		{486029B2-1448-4E5B-A701-EE632D94BF63}.Debug|Any CPU.Build.0 = Debug|Any CPU
		{486029B2-1448-4E5B-A701-EE632D94BF63}.Release|Any CPU.ActiveCfg = Release|Any CPU
		{486029B2-1448-4E5B-A701-EE632D94BF63}.Release|Any CPU.Build.0 = Release|Any CPU
		{DF602F2F-07C9-4AC4-8475-45A5964C2B1F}.Debug|Any CPU.ActiveCfg = Debug|Any CPU
		{DF602F2F-07C9-4AC4-8475-45A5964C2B1F}.Debug|Any CPU.Build.0 = Debug|Any CPU
		{DF602F2F-07C9-4AC4-8475-45A5964C2B1F}.Release|Any CPU.ActiveCfg = Release|Any CPU
		{DF602F2F-07C9-4AC4-8475-45A5964C2B1F}.Release|Any CPU.Build.0 = Release|Any CPU
		{4F36C73C-7E0F-4D3B-8424-9847CCD4F9AD}.Debug|Any CPU.ActiveCfg = Debug|Any CPU
		{4F36C73C-7E0F-4D3B-8424-9847CCD4F9AD}.Debug|Any CPU.Build.0 = Debug|Any CPU
		{4F36C73C-7E0F-4D3B-8424-9847CCD4F9AD}.Release|Any CPU.ActiveCfg = Release|Any CPU
		{4F36C73C-7E0F-4D3B-8424-9847CCD4F9AD}.Release|Any CPU.Build.0 = Release|Any CPU
		{3FD79F89-A4A1-4DD8-9D08-63DA24559E13}.Debug|Any CPU.ActiveCfg = Debug|Any CPU
		{3FD79F89-A4A1-4DD8-9D08-63DA24559E13}.Debug|Any CPU.Build.0 = Debug|Any CPU
		{3FD79F89-A4A1-4DD8-9D08-63DA24559E13}.Release|Any CPU.ActiveCfg = Release|Any CPU
		{3FD79F89-A4A1-4DD8-9D08-63DA24559E13}.Release|Any CPU.Build.0 = Release|Any CPU
	EndGlobalSection
	GlobalSection(SolutionProperties) = preSolution
		HideSolutionNode = FALSE
	EndGlobalSection
	GlobalSection(NestedProjects) = preSolution
		{68656B3A-8C37-44FD-BFE5-FE9D24D00FEF} = {02EA681E-C7D8-13C7-8484-4AC65E1B71E8}
		{AF673340-D491-4555-8726-17AA75FF7F7D} = {02EA681E-C7D8-13C7-8484-4AC65E1B71E8}
		{A4D613AA-D854-422F-94F3-DAE01EBD682F} = {68656B3A-8C37-44FD-BFE5-FE9D24D00FEF}
		{9350D260-33E7-49DB-9921-3B8AC102438A} = {68656B3A-8C37-44FD-BFE5-FE9D24D00FEF}
		{DF341670-DC6B-48FC-8E6A-B254782FA52F} = {68656B3A-8C37-44FD-BFE5-FE9D24D00FEF}
		{127629BB-9D47-49EA-979E-AA134BB67874} = {68656B3A-8C37-44FD-BFE5-FE9D24D00FEF}
		{58CECC52-400B-4D9B-BE34-4CB2BBFDE322} = {DF341670-DC6B-48FC-8E6A-B254782FA52F}
		{B912DDBB-29D2-4853-8CDE-CAFBED5C152A} = {A4D613AA-D854-422F-94F3-DAE01EBD682F}
		{9BB584F3-E7A5-4808-9A7E-C286D09DDDBE} = {A4D613AA-D854-422F-94F3-DAE01EBD682F}
		{1D0B9BC0-6026-4F16-90A6-72974A422B61} = {9350D260-33E7-49DB-9921-3B8AC102438A}
		{521810D0-A555-43DC-A8A4-44196B906F19} = {127629BB-9D47-49EA-979E-AA134BB67874}
		{13B6F254-39B2-42CC-AEA7-C25869B0FB95} = {AF673340-D491-4555-8726-17AA75FF7F7D}
		{6A0EC4ED-3C0A-4D9C-892A-BE1C5A4C6FB0} = {AF673340-D491-4555-8726-17AA75FF7F7D}
		{1FB833C1-0116-4939-8B9F-F39FC97206B6} = {13B6F254-39B2-42CC-AEA7-C25869B0FB95}
		{7F061750-E28E-4995-B010-2C78EDA05BEE} = {13B6F254-39B2-42CC-AEA7-C25869B0FB95}
		{CD785E28-6E57-4B51-A89C-FE6215369042} = {13B6F254-39B2-42CC-AEA7-C25869B0FB95}
		{FB8D13EA-3FF1-45F4-B989-A49BF9D506AB} = {6A0EC4ED-3C0A-4D9C-892A-BE1C5A4C6FB0}
		{41FB362C-216D-4471-AD7A-40EA5E0E5024} = {6A0EC4ED-3C0A-4D9C-892A-BE1C5A4C6FB0}
		{F3B05FDD-88C0-49BF-B8E9-079D3D51433D} = {6A0EC4ED-3C0A-4D9C-892A-BE1C5A4C6FB0}
		{55CB8A61-4C60-46D9-B901-2E876320F706} = {1FB833C1-0116-4939-8B9F-F39FC97206B6}
		{9BB15881-6802-4104-82C1-0534C87BA805} = {F3B05FDD-88C0-49BF-B8E9-079D3D51433D}
		{3D0FE9FF-E976-462A-876F-5B08900571FB} = {1FB833C1-0116-4939-8B9F-F39FC97206B6}
		{2B587641-1B2B-4BAC-9C2D-31464B0CAFBB} = {F3B05FDD-88C0-49BF-B8E9-079D3D51433D}
		{486029B2-1448-4E5B-A701-EE632D94BF63} = {7F061750-E28E-4995-B010-2C78EDA05BEE}
		{DF602F2F-07C9-4AC4-8475-45A5964C2B1F} = {41FB362C-216D-4471-AD7A-40EA5E0E5024}
		{4F36C73C-7E0F-4D3B-8424-9847CCD4F9AD} = {CD785E28-6E57-4B51-A89C-FE6215369042}
		{3FD79F89-A4A1-4DD8-9D08-63DA24559E13} = {FB8D13EA-3FF1-45F4-B989-A49BF9D506AB}
	EndGlobalSection
	GlobalSection(ExtensibilityGlobals) = postSolution
		SolutionGuid = {06EBB46F-70B4-438E-AE62-3CFE8D0C72D5}
	EndGlobalSection
EndGlobal
